// !$*UTF8*$!
{
	archiveVersion = 1;
	classes = {
	};
	objectVersion = 56;
	objects = {

/* Begin PBXBuildFile section */
		FD310D062A0104BD003D8103 /* AudioRecordSwiftUIApp.swift in Sources */ = {isa = PBXBuildFile; fileRef = FD310D052A0104BD003D8103 /* AudioRecordSwiftUIApp.swift */; };
		FD310D082A0104BD003D8103 /* ContentView.swift in Sources */ = {isa = PBXBuildFile; fileRef = FD310D072A0104BD003D8103 /* ContentView.swift */; };
		FD310D0A2A0104BE003D8103 /* Assets.xcassets in Resources */ = {isa = PBXBuildFile; fileRef = FD310D092A0104BE003D8103 /* Assets.xcassets */; };
		FD310D0D2A0104BE003D8103 /* Preview Assets.xcassets in Resources */ = {isa = PBXBuildFile; fileRef = FD310D0C2A0104BE003D8103 /* Preview Assets.xcassets */; };
		FD310D172A0104BE003D8103 /* AudioRecordSwiftUITests.swift in Sources */ = {isa = PBXBuildFile; fileRef = FD310D162A0104BE003D8103 /* AudioRecordSwiftUITests.swift */; };
		FD310D212A0104BE003D8103 /* AudioRecordSwiftUIUITests.swift in Sources */ = {isa = PBXBuildFile; fileRef = FD310D202A0104BE003D8103 /* AudioRecordSwiftUIUITests.swift */; };
		FD310D232A0104BE003D8103 /* AudioRecordSwiftUIUITestsLaunchTests.swift in Sources */ = {isa = PBXBuildFile; fileRef = FD310D222A0104BE003D8103 /* AudioRecordSwiftUIUITestsLaunchTests.swift */; };
		FDB2BEBB2A04F2790065D5CF /* AudioRecorderService.swift in Sources */ = {isa = PBXBuildFile; fileRef = FDB2BEBA2A04F2790065D5CF /* AudioRecorderService.swift */; };
		FDB2BEBD2A04F2A30065D5CF /* AudioPlayerService.swift in Sources */ = {isa = PBXBuildFile; fileRef = FDB2BEBC2A04F2A30065D5CF /* AudioPlayerService.swift */; };
		FDB2BEBF2A04F2AF0065D5CF /* FileService.swift in Sources */ = {isa = PBXBuildFile; fileRef = FDB2BEBE2A04F2AF0065D5CF /* FileService.swift */; };
		FDE38A2E2A019400007C16C1 /* Extensions.swift in Sources */ = {isa = PBXBuildFile; fileRef = FDE38A2D2A019400007C16C1 /* Extensions.swift */; };
		FDE38A302A0194E9007C16C1 /* ContentViewAssemble.swift in Sources */ = {isa = PBXBuildFile; fileRef = FDE38A2F2A0194E9007C16C1 /* ContentViewAssemble.swift */; };
		FDE38A322A019635007C16C1 /* ContentViewModel.swift in Sources */ = {isa = PBXBuildFile; fileRef = FDE38A312A019635007C16C1 /* ContentViewModel.swift */; };
/* End PBXBuildFile section */

/* Begin PBXContainerItemProxy section */
		FD310D132A0104BE003D8103 /* PBXContainerItemProxy */ = {
			isa = PBXContainerItemProxy;
			containerPortal = FD310CFA2A0104BD003D8103 /* Project object */;
			proxyType = 1;
			remoteGlobalIDString = FD310D012A0104BD003D8103;
			remoteInfo = AudioRecordSwiftUI;
		};
		FD310D1D2A0104BE003D8103 /* PBXContainerItemProxy */ = {
			isa = PBXContainerItemProxy;
			containerPortal = FD310CFA2A0104BD003D8103 /* Project object */;
			proxyType = 1;
			remoteGlobalIDString = FD310D012A0104BD003D8103;
			remoteInfo = AudioRecordSwiftUI;
		};
/* End PBXContainerItemProxy section */

/* Begin PBXFileReference section */
		FD310D022A0104BD003D8103 /* AudioRecordSwiftUI.app */ = {isa = PBXFileReference; explicitFileType = wrapper.application; includeInIndex = 0; path = AudioRecordSwiftUI.app; sourceTree = BUILT_PRODUCTS_DIR; };
		FD310D052A0104BD003D8103 /* AudioRecordSwiftUIApp.swift */ = {isa = PBXFileReference; lastKnownFileType = sourcecode.swift; path = AudioRecordSwiftUIApp.swift; sourceTree = "<group>"; };
		FD310D072A0104BD003D8103 /* ContentView.swift */ = {isa = PBXFileReference; lastKnownFileType = sourcecode.swift; path = ContentView.swift; sourceTree = "<group>"; };
		FD310D092A0104BE003D8103 /* Assets.xcassets */ = {isa = PBXFileReference; lastKnownFileType = folder.assetcatalog; path = Assets.xcassets; sourceTree = "<group>"; };
		FD310D0C2A0104BE003D8103 /* Preview Assets.xcassets */ = {isa = PBXFileReference; lastKnownFileType = folder.assetcatalog; path = "Preview Assets.xcassets"; sourceTree = "<group>"; };
		FD310D122A0104BE003D8103 /* AudioRecordSwiftUITests.xctest */ = {isa = PBXFileReference; explicitFileType = wrapper.cfbundle; includeInIndex = 0; path = AudioRecordSwiftUITests.xctest; sourceTree = BUILT_PRODUCTS_DIR; };
		FD310D162A0104BE003D8103 /* AudioRecordSwiftUITests.swift */ = {isa = PBXFileReference; lastKnownFileType = sourcecode.swift; path = AudioRecordSwiftUITests.swift; sourceTree = "<group>"; };
		FD310D1C2A0104BE003D8103 /* AudioRecordSwiftUIUITests.xctest */ = {isa = PBXFileReference; explicitFileType = wrapper.cfbundle; includeInIndex = 0; path = AudioRecordSwiftUIUITests.xctest; sourceTree = BUILT_PRODUCTS_DIR; };
		FD310D202A0104BE003D8103 /* AudioRecordSwiftUIUITests.swift */ = {isa = PBXFileReference; lastKnownFileType = sourcecode.swift; path = AudioRecordSwiftUIUITests.swift; sourceTree = "<group>"; };
		FD310D222A0104BE003D8103 /* AudioRecordSwiftUIUITestsLaunchTests.swift */ = {isa = PBXFileReference; lastKnownFileType = sourcecode.swift; path = AudioRecordSwiftUIUITestsLaunchTests.swift; sourceTree = "<group>"; };
		FDB2BEBA2A04F2790065D5CF /* AudioRecorderService.swift */ = {isa = PBXFileReference; lastKnownFileType = sourcecode.swift; path = AudioRecorderService.swift; sourceTree = "<group>"; };
		FDB2BEBC2A04F2A30065D5CF /* AudioPlayerService.swift */ = {isa = PBXFileReference; lastKnownFileType = sourcecode.swift; path = AudioPlayerService.swift; sourceTree = "<group>"; };
		FDB2BEBE2A04F2AF0065D5CF /* FileService.swift */ = {isa = PBXFileReference; lastKnownFileType = sourcecode.swift; path = FileService.swift; sourceTree = "<group>"; };
		FDE38A2D2A019400007C16C1 /* Extensions.swift */ = {isa = PBXFileReference; lastKnownFileType = sourcecode.swift; path = Extensions.swift; sourceTree = "<group>"; };
		FDE38A2F2A0194E9007C16C1 /* ContentViewAssemble.swift */ = {isa = PBXFileReference; lastKnownFileType = sourcecode.swift; path = ContentViewAssemble.swift; sourceTree = "<group>"; };
		FDE38A312A019635007C16C1 /* ContentViewModel.swift */ = {isa = PBXFileReference; lastKnownFileType = sourcecode.swift; path = ContentViewModel.swift; sourceTree = "<group>"; };
/* End PBXFileReference section */

/* Begin PBXFrameworksBuildPhase section */
		FD310CFF2A0104BD003D8103 /* Frameworks */ = {
			isa = PBXFrameworksBuildPhase;
			buildActionMask = 2147483647;
			files = (
			);
			runOnlyForDeploymentPostprocessing = 0;
		};
		FD310D0F2A0104BE003D8103 /* Frameworks */ = {
			isa = PBXFrameworksBuildPhase;
			buildActionMask = 2147483647;
			files = (
			);
			runOnlyForDeploymentPostprocessing = 0;
		};
		FD310D192A0104BE003D8103 /* Frameworks */ = {
			isa = PBXFrameworksBuildPhase;
			buildActionMask = 2147483647;
			files = (
			);
			runOnlyForDeploymentPostprocessing = 0;
		};
/* End PBXFrameworksBuildPhase section */

/* Begin PBXGroup section */
		FD310CF92A0104BD003D8103 = {
			isa = PBXGroup;
			children = (
				FD310D042A0104BD003D8103 /* AudioRecordSwiftUI */,
				FD310D152A0104BE003D8103 /* AudioRecordSwiftUITests */,
				FD310D1F2A0104BE003D8103 /* AudioRecordSwiftUIUITests */,
				FD310D032A0104BD003D8103 /* Products */,
			);
			sourceTree = "<group>";
		};
		FD310D032A0104BD003D8103 /* Products */ = {
			isa = PBXGroup;
			children = (
				FD310D022A0104BD003D8103 /* AudioRecordSwiftUI.app */,
				FD310D122A0104BE003D8103 /* AudioRecordSwiftUITests.xctest */,
				FD310D1C2A0104BE003D8103 /* AudioRecordSwiftUIUITests.xctest */,
			);
			name = Products;
			sourceTree = "<group>";
		};
		FD310D042A0104BD003D8103 /* AudioRecordSwiftUI */ = {
			isa = PBXGroup;
			children = (
				FDB2BEB92A04E0600065D5CF /* Services */,
				FDE38A332A01963B007C16C1 /* Flow */,
				FD310D052A0104BD003D8103 /* AudioRecordSwiftUIApp.swift */,
				FD310D092A0104BE003D8103 /* Assets.xcassets */,
				FD310D0B2A0104BE003D8103 /* Preview Content */,
				FDE38A2D2A019400007C16C1 /* Extensions.swift */,
			);
			path = AudioRecordSwiftUI;
			sourceTree = "<group>";
		};
		FD310D0B2A0104BE003D8103 /* Preview Content */ = {
			isa = PBXGroup;
			children = (
				FD310D0C2A0104BE003D8103 /* Preview Assets.xcassets */,
			);
			path = "Preview Content";
			sourceTree = "<group>";
		};
		FD310D152A0104BE003D8103 /* AudioRecordSwiftUITests */ = {
			isa = PBXGroup;
			children = (
				FD310D162A0104BE003D8103 /* AudioRecordSwiftUITests.swift */,
			);
			path = AudioRecordSwiftUITests;
			sourceTree = "<group>";
		};
		FD310D1F2A0104BE003D8103 /* AudioRecordSwiftUIUITests */ = {
			isa = PBXGroup;
			children = (
				FD310D202A0104BE003D8103 /* AudioRecordSwiftUIUITests.swift */,
				FD310D222A0104BE003D8103 /* AudioRecordSwiftUIUITestsLaunchTests.swift */,
			);
			path = AudioRecordSwiftUIUITests;
			sourceTree = "<group>";
		};
		FDB2BEB92A04E0600065D5CF /* Services */ = {
			isa = PBXGroup;
			children = (
				FDB2BEBA2A04F2790065D5CF /* AudioRecorderService.swift */,
				FDB2BEBC2A04F2A30065D5CF /* AudioPlayerService.swift */,
				FDB2BEBE2A04F2AF0065D5CF /* FileService.swift */,
			);
			path = Services;
			sourceTree = "<group>";
		};
		FDE38A332A01963B007C16C1 /* Flow */ = {
			isa = PBXGroup;
			children = (
				FD310D072A0104BD003D8103 /* ContentView.swift */,
				FDE38A2F2A0194E9007C16C1 /* ContentViewAssemble.swift */,
				FDE38A312A019635007C16C1 /* ContentViewModel.swift */,
			);
			path = Flow;
			sourceTree = "<group>";
		};
/* End PBXGroup section */

/* Begin PBXNativeTarget section */
		FD310D012A0104BD003D8103 /* AudioRecordSwiftUI */ = {
			isa = PBXNativeTarget;
			buildConfigurationList = FD310D262A0104BE003D8103 /* Build configuration list for PBXNativeTarget "AudioRecordSwiftUI" */;
			buildPhases = (
				FD310CFE2A0104BD003D8103 /* Sources */,
				FD310CFF2A0104BD003D8103 /* Frameworks */,
				FD310D002A0104BD003D8103 /* Resources */,
			);
			buildRules = (
			);
			dependencies = (
			);
			name = AudioRecordSwiftUI;
			productName = AudioRecordSwiftUI;
			productReference = FD310D022A0104BD003D8103 /* AudioRecordSwiftUI.app */;
			productType = "com.apple.product-type.application";
		};
		FD310D112A0104BE003D8103 /* AudioRecordSwiftUITests */ = {
			isa = PBXNativeTarget;
			buildConfigurationList = FD310D292A0104BE003D8103 /* Build configuration list for PBXNativeTarget "AudioRecordSwiftUITests" */;
			buildPhases = (
				FD310D0E2A0104BE003D8103 /* Sources */,
				FD310D0F2A0104BE003D8103 /* Frameworks */,
				FD310D102A0104BE003D8103 /* Resources */,
			);
			buildRules = (
			);
			dependencies = (
				FD310D142A0104BE003D8103 /* PBXTargetDependency */,
			);
			name = AudioRecordSwiftUITests;
			productName = AudioRecordSwiftUITests;
			productReference = FD310D122A0104BE003D8103 /* AudioRecordSwiftUITests.xctest */;
			productType = "com.apple.product-type.bundle.unit-test";
		};
		FD310D1B2A0104BE003D8103 /* AudioRecordSwiftUIUITests */ = {
			isa = PBXNativeTarget;
			buildConfigurationList = FD310D2C2A0104BE003D8103 /* Build configuration list for PBXNativeTarget "AudioRecordSwiftUIUITests" */;
			buildPhases = (
				FD310D182A0104BE003D8103 /* Sources */,
				FD310D192A0104BE003D8103 /* Frameworks */,
				FD310D1A2A0104BE003D8103 /* Resources */,
			);
			buildRules = (
			);
			dependencies = (
				FD310D1E2A0104BE003D8103 /* PBXTargetDependency */,
			);
			name = AudioRecordSwiftUIUITests;
			productName = AudioRecordSwiftUIUITests;
			productReference = FD310D1C2A0104BE003D8103 /* AudioRecordSwiftUIUITests.xctest */;
			productType = "com.apple.product-type.bundle.ui-testing";
		};
/* End PBXNativeTarget section */

/* Begin PBXProject section */
		FD310CFA2A0104BD003D8103 /* Project object */ = {
			isa = PBXProject;
			attributes = {
				BuildIndependentTargetsInParallel = 1;
				LastSwiftUpdateCheck = 1420;
				LastUpgradeCheck = 1420;
				TargetAttributes = {
					FD310D012A0104BD003D8103 = {
						CreatedOnToolsVersion = 14.2;
					};
					FD310D112A0104BE003D8103 = {
						CreatedOnToolsVersion = 14.2;
						TestTargetID = FD310D012A0104BD003D8103;
					};
					FD310D1B2A0104BE003D8103 = {
						CreatedOnToolsVersion = 14.2;
						TestTargetID = FD310D012A0104BD003D8103;
					};
				};
			};
			buildConfigurationList = FD310CFD2A0104BD003D8103 /* Build configuration list for PBXProject "AudioRecordSwiftUI" */;
			compatibilityVersion = "Xcode 14.0";
			developmentRegion = en;
			hasScannedForEncodings = 0;
			knownRegions = (
				en,
				Base,
			);
			mainGroup = FD310CF92A0104BD003D8103;
			productRefGroup = FD310D032A0104BD003D8103 /* Products */;
			projectDirPath = "";
			projectRoot = "";
			targets = (
				FD310D012A0104BD003D8103 /* AudioRecordSwiftUI */,
				FD310D112A0104BE003D8103 /* AudioRecordSwiftUITests */,
				FD310D1B2A0104BE003D8103 /* AudioRecordSwiftUIUITests */,
			);
		};
/* End PBXProject section */

/* Begin PBXResourcesBuildPhase section */
		FD310D002A0104BD003D8103 /* Resources */ = {
			isa = PBXResourcesBuildPhase;
			buildActionMask = 2147483647;
			files = (
				FD310D0D2A0104BE003D8103 /* Preview Assets.xcassets in Resources */,
				FD310D0A2A0104BE003D8103 /* Assets.xcassets in Resources */,
			);
			runOnlyForDeploymentPostprocessing = 0;
		};
		FD310D102A0104BE003D8103 /* Resources */ = {
			isa = PBXResourcesBuildPhase;
			buildActionMask = 2147483647;
			files = (
			);
			runOnlyForDeploymentPostprocessing = 0;
		};
		FD310D1A2A0104BE003D8103 /* Resources */ = {
			isa = PBXResourcesBuildPhase;
			buildActionMask = 2147483647;
			files = (
			);
			runOnlyForDeploymentPostprocessing = 0;
		};
/* End PBXResourcesBuildPhase section */

/* Begin PBXSourcesBuildPhase section */
		FD310CFE2A0104BD003D8103 /* Sources */ = {
			isa = PBXSourcesBuildPhase;
			buildActionMask = 2147483647;
			files = (
				FD310D082A0104BD003D8103 /* ContentView.swift in Sources */,
				FDE38A2E2A019400007C16C1 /* Extensions.swift in Sources */,
				FDB2BEBB2A04F2790065D5CF /* AudioRecorderService.swift in Sources */,
				FDE38A302A0194E9007C16C1 /* ContentViewAssemble.swift in Sources */,
				FDB2BEBD2A04F2A30065D5CF /* AudioPlayerService.swift in Sources */,
				FD310D062A0104BD003D8103 /* AudioRecordSwiftUIApp.swift in Sources */,
				FDE38A322A019635007C16C1 /* ContentViewModel.swift in Sources */,
				FDB2BEBF2A04F2AF0065D5CF /* FileService.swift in Sources */,
			);
			runOnlyForDeploymentPostprocessing = 0;
		};
		FD310D0E2A0104BE003D8103 /* Sources */ = {
			isa = PBXSourcesBuildPhase;
			buildActionMask = 2147483647;
			files = (
				FD310D172A0104BE003D8103 /* AudioRecordSwiftUITests.swift in Sources */,
			);
			runOnlyForDeploymentPostprocessing = 0;
		};
		FD310D182A0104BE003D8103 /* Sources */ = {
			isa = PBXSourcesBuildPhase;
			buildActionMask = 2147483647;
			files = (
				FD310D232A0104BE003D8103 /* AudioRecordSwiftUIUITestsLaunchTests.swift in Sources */,
				FD310D212A0104BE003D8103 /* AudioRecordSwiftUIUITests.swift in Sources */,
			);
			runOnlyForDeploymentPostprocessing = 0;
		};
/* End PBXSourcesBuildPhase section */

/* Begin PBXTargetDependency section */
		FD310D142A0104BE003D8103 /* PBXTargetDependency */ = {
			isa = PBXTargetDependency;
			target = FD310D012A0104BD003D8103 /* AudioRecordSwiftUI */;
			targetProxy = FD310D132A0104BE003D8103 /* PBXContainerItemProxy */;
		};
		FD310D1E2A0104BE003D8103 /* PBXTargetDependency */ = {
			isa = PBXTargetDependency;
			target = FD310D012A0104BD003D8103 /* AudioRecordSwiftUI */;
			targetProxy = FD310D1D2A0104BE003D8103 /* PBXContainerItemProxy */;
		};
/* End PBXTargetDependency section */

/* Begin XCBuildConfiguration section */
		FD310D242A0104BE003D8103 /* Debug */ = {
			isa = XCBuildConfiguration;
			buildSettings = {
				ALWAYS_SEARCH_USER_PATHS = NO;
				CLANG_ANALYZER_NONNULL = YES;
				CLANG_ANALYZER_NUMBER_OBJECT_CONVERSION = YES_AGGRESSIVE;
				CLANG_CXX_LANGUAGE_STANDARD = "gnu++20";
				CLANG_ENABLE_MODULES = YES;
				CLANG_ENABLE_OBJC_ARC = YES;
				CLANG_ENABLE_OBJC_WEAK = YES;
				CLANG_WARN_BLOCK_CAPTURE_AUTORELEASING = YES;
				CLANG_WARN_BOOL_CONVERSION = YES;
				CLANG_WARN_COMMA = YES;
				CLANG_WARN_CONSTANT_CONVERSION = YES;
				CLANG_WARN_DEPRECATED_OBJC_IMPLEMENTATIONS = YES;
				CLANG_WARN_DIRECT_OBJC_ISA_USAGE = YES_ERROR;
				CLANG_WARN_DOCUMENTATION_COMMENTS = YES;
				CLANG_WARN_EMPTY_BODY = YES;
				CLANG_WARN_ENUM_CONVERSION = YES;
				CLANG_WARN_INFINITE_RECURSION = YES;
				CLANG_WARN_INT_CONVERSION = YES;
				CLANG_WARN_NON_LITERAL_NULL_CONVERSION = YES;
				CLANG_WARN_OBJC_IMPLICIT_RETAIN_SELF = YES;
				CLANG_WARN_OBJC_LITERAL_CONVERSION = YES;
				CLANG_WARN_OBJC_ROOT_CLASS = YES_ERROR;
				CLANG_WARN_QUOTED_INCLUDE_IN_FRAMEWORK_HEADER = YES;
				CLANG_WARN_RANGE_LOOP_ANALYSIS = YES;
				CLANG_WARN_STRICT_PROTOTYPES = YES;
				CLANG_WARN_SUSPICIOUS_MOVE = YES;
				CLANG_WARN_UNGUARDED_AVAILABILITY = YES_AGGRESSIVE;
				CLANG_WARN_UNREACHABLE_CODE = YES;
				CLANG_WARN__DUPLICATE_METHOD_MATCH = YES;
				COPY_PHASE_STRIP = NO;
				DEBUG_INFORMATION_FORMAT = dwarf;
				ENABLE_STRICT_OBJC_MSGSEND = YES;
				ENABLE_TESTABILITY = YES;
				GCC_C_LANGUAGE_STANDARD = gnu11;
				GCC_DYNAMIC_NO_PIC = NO;
				GCC_NO_COMMON_BLOCKS = YES;
				GCC_OPTIMIZATION_LEVEL = 0;
				GCC_PREPROCESSOR_DEFINITIONS = (
					"DEBUG=1",
					"$(inherited)",
				);
				GCC_WARN_64_TO_32_BIT_CONVERSION = YES;
				GCC_WARN_ABOUT_RETURN_TYPE = YES_ERROR;
				GCC_WARN_UNDECLARED_SELECTOR = YES;
				GCC_WARN_UNINITIALIZED_AUTOS = YES_AGGRESSIVE;
				GCC_WARN_UNUSED_FUNCTION = YES;
				GCC_WARN_UNUSED_VARIABLE = YES;
				IPHONEOS_DEPLOYMENT_TARGET = 16.2;
				MTL_ENABLE_DEBUG_INFO = INCLUDE_SOURCE;
				MTL_FAST_MATH = YES;
				ONLY_ACTIVE_ARCH = YES;
				SDKROOT = iphoneos;
				SWIFT_ACTIVE_COMPILATION_CONDITIONS = DEBUG;
				SWIFT_OPTIMIZATION_LEVEL = "-Onone";
			};
			name = Debug;
		};
		FD310D252A0104BE003D8103 /* Release */ = {
			isa = XCBuildConfiguration;
			buildSettings = {
				ALWAYS_SEARCH_USER_PATHS = NO;
				CLANG_ANALYZER_NONNULL = YES;
				CLANG_ANALYZER_NUMBER_OBJECT_CONVERSION = YES_AGGRESSIVE;
				CLANG_CXX_LANGUAGE_STANDARD = "gnu++20";
				CLANG_ENABLE_MODULES = YES;
				CLANG_ENABLE_OBJC_ARC = YES;
				CLANG_ENABLE_OBJC_WEAK = YES;
				CLANG_WARN_BLOCK_CAPTURE_AUTORELEASING = YES;
				CLANG_WARN_BOOL_CONVERSION = YES;
				CLANG_WARN_COMMA = YES;
				CLANG_WARN_CONSTANT_CONVERSION = YES;
				CLANG_WARN_DEPRECATED_OBJC_IMPLEMENTATIONS = YES;
				CLANG_WARN_DIRECT_OBJC_ISA_USAGE = YES_ERROR;
				CLANG_WARN_DOCUMENTATION_COMMENTS = YES;
				CLANG_WARN_EMPTY_BODY = YES;
				CLANG_WARN_ENUM_CONVERSION = YES;
				CLANG_WARN_INFINITE_RECURSION = YES;
				CLANG_WARN_INT_CONVERSION = YES;
				CLANG_WARN_NON_LITERAL_NULL_CONVERSION = YES;
				CLANG_WARN_OBJC_IMPLICIT_RETAIN_SELF = YES;
				CLANG_WARN_OBJC_LITERAL_CONVERSION = YES;
				CLANG_WARN_OBJC_ROOT_CLASS = YES_ERROR;
				CLANG_WARN_QUOTED_INCLUDE_IN_FRAMEWORK_HEADER = YES;
				CLANG_WARN_RANGE_LOOP_ANALYSIS = YES;
				CLANG_WARN_STRICT_PROTOTYPES = YES;
				CLANG_WARN_SUSPICIOUS_MOVE = YES;
				CLANG_WARN_UNGUARDED_AVAILABILITY = YES_AGGRESSIVE;
				CLANG_WARN_UNREACHABLE_CODE = YES;
				CLANG_WARN__DUPLICATE_METHOD_MATCH = YES;
				COPY_PHASE_STRIP = NO;
				DEBUG_INFORMATION_FORMAT = "dwarf-with-dsym";
				ENABLE_NS_ASSERTIONS = NO;
				ENABLE_STRICT_OBJC_MSGSEND = YES;
				GCC_C_LANGUAGE_STANDARD = gnu11;
				GCC_NO_COMMON_BLOCKS = YES;
				GCC_WARN_64_TO_32_BIT_CONVERSION = YES;
				GCC_WARN_ABOUT_RETURN_TYPE = YES_ERROR;
				GCC_WARN_UNDECLARED_SELECTOR = YES;
				GCC_WARN_UNINITIALIZED_AUTOS = YES_AGGRESSIVE;
				GCC_WARN_UNUSED_FUNCTION = YES;
				GCC_WARN_UNUSED_VARIABLE = YES;
				IPHONEOS_DEPLOYMENT_TARGET = 16.2;
				MTL_ENABLE_DEBUG_INFO = NO;
				MTL_FAST_MATH = YES;
				SDKROOT = iphoneos;
				SWIFT_COMPILATION_MODE = wholemodule;
				SWIFT_OPTIMIZATION_LEVEL = "-O";
				VALIDATE_PRODUCT = YES;
			};
			name = Release;
		};
		FD310D272A0104BE003D8103 /* Debug */ = {
			isa = XCBuildConfiguration;
			buildSettings = {
				ASSETCATALOG_COMPILER_APPICON_NAME = AppIcon;
				ASSETCATALOG_COMPILER_GLOBAL_ACCENT_COLOR_NAME = AccentColor;
				CODE_SIGN_STYLE = Automatic;
				CURRENT_PROJECT_VERSION = 1;
				DEVELOPMENT_ASSET_PATHS = "\"AudioRecordSwiftUI/Preview Content\"";
				DEVELOPMENT_TEAM = 7KBGZA37HH;
				ENABLE_PREVIEWS = YES;
				GENERATE_INFOPLIST_FILE = YES;
				INFOPLIST_KEY_UIApplicationSceneManifest_Generation = YES;
				INFOPLIST_KEY_UIApplicationSupportsIndirectInputEvents = YES;
				INFOPLIST_KEY_UILaunchScreen_Generation = YES;
				INFOPLIST_KEY_UISupportedInterfaceOrientations_iPad = "UIInterfaceOrientationPortrait UIInterfaceOrientationPortraitUpsideDown UIInterfaceOrientationLandscapeLeft UIInterfaceOrientationLandscapeRight";
				INFOPLIST_KEY_UISupportedInterfaceOrientations_iPhone = "UIInterfaceOrientationPortrait UIInterfaceOrientationLandscapeLeft UIInterfaceOrientationLandscapeRight";
				LD_RUNPATH_SEARCH_PATHS = (
					"$(inherited)",
					"@executable_path/Frameworks",
				);
				MARKETING_VERSION = 1.0;
				PRODUCT_BUNDLE_IDENTIFIER = "test-project.AudioRecordSwiftUI";
				PRODUCT_NAME = "$(TARGET_NAME)";
				SWIFT_EMIT_LOC_STRINGS = YES;
				SWIFT_VERSION = 5.0;
				TARGETED_DEVICE_FAMILY = "1,2";
			};
			name = Debug;
		};
		FD310D282A0104BE003D8103 /* Release */ = {
			isa = XCBuildConfiguration;
			buildSettings = {
				ASSETCATALOG_COMPILER_APPICON_NAME = AppIcon;
				ASSETCATALOG_COMPILER_GLOBAL_ACCENT_COLOR_NAME = AccentColor;
				CODE_SIGN_STYLE = Automatic;
				CURRENT_PROJECT_VERSION = 1;
				DEVELOPMENT_ASSET_PATHS = "\"AudioRecordSwiftUI/Preview Content\"";
				DEVELOPMENT_TEAM = 7KBGZA37HH;
				ENABLE_PREVIEWS = YES;
				GENERATE_INFOPLIST_FILE = YES;
				INFOPLIST_KEY_UIApplicationSceneManifest_Generation = YES;
				INFOPLIST_KEY_UIApplicationSupportsIndirectInputEvents = YES;
				INFOPLIST_KEY_UILaunchScreen_Generation = YES;
				INFOPLIST_KEY_UISupportedInterfaceOrientations_iPad = "UIInterfaceOrientationPortrait UIInterfaceOrientationPortraitUpsideDown UIInterfaceOrientationLandscapeLeft UIInterfaceOrientationLandscapeRight";
				INFOPLIST_KEY_UISupportedInterfaceOrientations_iPhone = "UIInterfaceOrientationPortrait UIInterfaceOrientationLandscapeLeft UIInterfaceOrientationLandscapeRight";
				LD_RUNPATH_SEARCH_PATHS = (
					"$(inherited)",
					"@executable_path/Frameworks",
				);
				MARKETING_VERSION = 1.0;
				PRODUCT_BUNDLE_IDENTIFIER = "test-project.AudioRecordSwiftUI";
				PRODUCT_NAME = "$(TARGET_NAME)";
				SWIFT_EMIT_LOC_STRINGS = YES;
				SWIFT_VERSION = 5.0;
				TARGETED_DEVICE_FAMILY = "1,2";
			};
			name = Release;
		};
		FD310D2A2A0104BE003D8103 /* Debug */ = {
			isa = XCBuildConfiguration;
			buildSettings = {
				ALWAYS_EMBED_SWIFT_STANDARD_LIBRARIES = YES;
				BUNDLE_LOADER = "$(TEST_HOST)";
				CODE_SIGN_STYLE = Automatic;
				CURRENT_PROJECT_VERSION = 1;
				DEVELOPMENT_TEAM = 7KBGZA37HH;
				GENERATE_INFOPLIST_FILE = YES;
				IPHONEOS_DEPLOYMENT_TARGET = 16.2;
				MARKETING_VERSION = 1.0;
				PRODUCT_BUNDLE_IDENTIFIER = "test-project.AudioRecordSwiftUITests";
				PRODUCT_NAME = "$(TARGET_NAME)";
				SWIFT_EMIT_LOC_STRINGS = NO;
				SWIFT_VERSION = 5.0;
				TARGETED_DEVICE_FAMILY = "1,2";
				TEST_HOST = "$(BUILT_PRODUCTS_DIR)/AudioRecordSwiftUI.app/$(BUNDLE_EXECUTABLE_FOLDER_PATH)/AudioRecordSwiftUI";
			};
			name = Debug;
		};
		FD310D2B2A0104BE003D8103 /* Release */ = {
			isa = XCBuildConfiguration;
			buildSettings = {
				ALWAYS_EMBED_SWIFT_STANDARD_LIBRARIES = YES;
				BUNDLE_LOADER = "$(TEST_HOST)";
				CODE_SIGN_STYLE = Automatic;
				CURRENT_PROJECT_VERSION = 1;
				DEVELOPMENT_TEAM = 7KBGZA37HH;
				GENERATE_INFOPLIST_FILE = YES;
				IPHONEOS_DEPLOYMENT_TARGET = 16.2;
				MARKETING_VERSION = 1.0;
				PRODUCT_BUNDLE_IDENTIFIER = "test-project.AudioRecordSwiftUITests";
				PRODUCT_NAME = "$(TARGET_NAME)";
				SWIFT_EMIT_LOC_STRINGS = NO;
				SWIFT_VERSION = 5.0;
				TARGETED_DEVICE_FAMILY = "1,2";
				TEST_HOST = "$(BUILT_PRODUCTS_DIR)/AudioRecordSwiftUI.app/$(BUNDLE_EXECUTABLE_FOLDER_PATH)/AudioRecordSwiftUI";
			};
			name = Release;
		};
		FD310D2D2A0104BE003D8103 /* Debug */ = {
			isa = XCBuildConfiguration;
			buildSettings = {
				ALWAYS_EMBED_SWIFT_STANDARD_LIBRARIES = YES;
				CODE_SIGN_STYLE = Automatic;
				CURRENT_PROJECT_VERSION = 1;
				DEVELOPMENT_TEAM = 7KBGZA37HH;
				GENERATE_INFOPLIST_FILE = YES;
				MARKETING_VERSION = 1.0;
				PRODUCT_BUNDLE_IDENTIFIER = "test-project.AudioRecordSwiftUIUITests";
				PRODUCT_NAME = "$(TARGET_NAME)";
				SWIFT_EMIT_LOC_STRINGS = NO;
				SWIFT_VERSION = 5.0;
				TARGETED_DEVICE_FAMILY = "1,2";
				TEST_TARGET_NAME = AudioRecordSwiftUI;
			};
			name = Debug;
		};
		FD310D2E2A0104BE003D8103 /* Release */ = {
			isa = XCBuildConfiguration;
			buildSettings = {
				ALWAYS_EMBED_SWIFT_STANDARD_LIBRARIES = YES;
				CODE_SIGN_STYLE = Automatic;
				CURRENT_PROJECT_VERSION = 1;
				DEVELOPMENT_TEAM = 7KBGZA37HH;
				GENERATE_INFOPLIST_FILE = YES;
				MARKETING_VERSION = 1.0;
				PRODUCT_BUNDLE_IDENTIFIER = "test-project.AudioRecordSwiftUIUITests";
				PRODUCT_NAME = "$(TARGET_NAME)";
				SWIFT_EMIT_LOC_STRINGS = NO;
				SWIFT_VERSION = 5.0;
				TARGETED_DEVICE_FAMILY = "1,2";
				TEST_TARGET_NAME = AudioRecordSwiftUI;
			};
			name = Release;
		};
/* End XCBuildConfiguration section */

/* Begin XCConfigurationList section */
		FD310CFD2A0104BD003D8103 /* Build configuration list for PBXProject "AudioRecordSwiftUI" */ = {
			isa = XCConfigurationList;
			buildConfigurations = (
				FD310D242A0104BE003D8103 /* Debug */,
				FD310D252A0104BE003D8103 /* Release */,
			);
			defaultConfigurationIsVisible = 0;
			defaultConfigurationName = Release;
		};
		FD310D262A0104BE003D8103 /* Build configuration list for PBXNativeTarget "AudioRecordSwiftUI" */ = {
			isa = XCConfigurationList;
			buildConfigurations = (
				FD310D272A0104BE003D8103 /* Debug */,
				FD310D282A0104BE003D8103 /* Release */,
			);
			defaultConfigurationIsVisible = 0;
			defaultConfigurationName = Release;
		};
		FD310D292A0104BE003D8103 /* Build configuration list for PBXNativeTarget "AudioRecordSwiftUITests" */ = {
			isa = XCConfigurationList;
			buildConfigurations = (
				FD310D2A2A0104BE003D8103 /* Debug */,
				FD310D2B2A0104BE003D8103 /* Release */,
			);
			defaultConfigurationIsVisible = 0;
			defaultConfigurationName = Release;
		};
		FD310D2C2A0104BE003D8103 /* Build configuration list for PBXNativeTarget "AudioRecordSwiftUIUITests" */ = {
			isa = XCConfigurationList;
			buildConfigurations = (
				FD310D2D2A0104BE003D8103 /* Debug */,
				FD310D2E2A0104BE003D8103 /* Release */,
			);
			defaultConfigurationIsVisible = 0;
			defaultConfigurationName = Release;
		};
/* End XCConfigurationList section */
	};
	rootObject = FD310CFA2A0104BD003D8103 /* Project object */;
}
